// !$*UTF8*$!
{
	archiveVersion = 1;
	classes = {
	};
	objectVersion = 63;
	objects = {

/* Begin PBXBuildFile section */
		56D318EE2C8716F0007D022A /* Preview Assets.xcassets in Resources */ = {isa = PBXBuildFile; fileRef = 56D318D42C8716F0007D022A /* Preview Assets.xcassets */; };
		56D318EF2C8716F0007D022A /* .swiftlint.yml in Resources */ = {isa = PBXBuildFile; fileRef = 56D318E82C8716F0007D022A /* .swiftlint.yml */; };
		56D318F02C8716F0007D022A /* Assets.xcassets in Resources */ = {isa = PBXBuildFile; fileRef = 56D318E92C8716F0007D022A /* Assets.xcassets */; };
		56D318F22C8716F0007D022A /* Localizable.xcstrings in Resources */ = {isa = PBXBuildFile; fileRef = 56D318EC2C8716F0007D022A /* Localizable.xcstrings */; };
		56D318F32C8716F0007D022A /* CircularImageModifier.swift in Sources */ = {isa = PBXBuildFile; fileRef = 56D318C82C8716F0007D022A /* CircularImageModifier.swift */; };
		56D318F42C8716F0007D022A /* TokenViewModifier.swift in Sources */ = {isa = PBXBuildFile; fileRef = 56D318C92C8716F0007D022A /* TokenViewModifier.swift */; };
		56D318F52C8716F0007D022A /* AlertItem.swift in Sources */ = {isa = PBXBuildFile; fileRef = 56D318CB2C8716F0007D022A /* AlertItem.swift */; };
		56D318F62C8716F0007D022A /* GithubAPIError.swift in Sources */ = {isa = PBXBuildFile; fileRef = 56D318CD2C8716F0007D022A /* GithubAPIError.swift */; };
		56D318F72C8716F0007D022A /* NetworkManager.swift in Sources */ = {isa = PBXBuildFile; fileRef = 56D318CE2C8716F0007D022A /* NetworkManager.swift */; };
		56D318F82C8716F0007D022A /* Repository.swift in Sources */ = {isa = PBXBuildFile; fileRef = 56D318D02C8716F0007D022A /* Repository.swift */; };
		56D318F92C8716F0007D022A /* User.swift in Sources */ = {isa = PBXBuildFile; fileRef = 56D318D12C8716F0007D022A /* User.swift */; };
		56D318FA2C8716F0007D022A /* WebViewLink.swift in Sources */ = {isa = PBXBuildFile; fileRef = 56D318D22C8716F0007D022A /* WebViewLink.swift */; };
		56D318FB2C8716F0007D022A /* CustomWebView.swift in Sources */ = {isa = PBXBuildFile; fileRef = 56D318D62C8716F0007D022A /* CustomWebView.swift */; };
		56D318FC2C8716F0007D022A /* RepositoryListView.swift in Sources */ = {isa = PBXBuildFile; fileRef = 56D318D82C8716F0007D022A /* RepositoryListView.swift */; };
		56D318FD2C8716F0007D022A /* RepositoryRowView.swift in Sources */ = {isa = PBXBuildFile; fileRef = 56D318D92C8716F0007D022A /* RepositoryRowView.swift */; };
		56D318FE2C8716F0007D022A /* UserDetailScreen.swift in Sources */ = {isa = PBXBuildFile; fileRef = 56D318DB2C8716F0007D022A /* UserDetailScreen.swift */; };
		56D318FF2C8716F0007D022A /* UserListScreen.swift in Sources */ = {isa = PBXBuildFile; fileRef = 56D318DD2C8716F0007D022A /* UserListScreen.swift */; };
		56D319002C8716F0007D022A /* UserRowView.swift in Sources */ = {isa = PBXBuildFile; fileRef = 56D318DE2C8716F0007D022A /* UserRowView.swift */; };
		56D319012C8716F0007D022A /* UserSearchForm.swift in Sources */ = {isa = PBXBuildFile; fileRef = 56D318DF2C8716F0007D022A /* UserSearchForm.swift */; };
		56D319022C8716F0007D022A /* ContentView.swift in Sources */ = {isa = PBXBuildFile; fileRef = 56D318E12C8716F0007D022A /* ContentView.swift */; };
		56D319032C8716F0007D022A /* RepositoryListViewModel.swift in Sources */ = {isa = PBXBuildFile; fileRef = 56D318E32C8716F0007D022A /* RepositoryListViewModel.swift */; };
		56D319042C8716F0007D022A /* UserDetailViewModel.swift in Sources */ = {isa = PBXBuildFile; fileRef = 56D318E42C8716F0007D022A /* UserDetailViewModel.swift */; };
		56D319052C8716F0007D022A /* UserListScreenViewModel.swift in Sources */ = {isa = PBXBuildFile; fileRef = 56D318E52C8716F0007D022A /* UserListScreenViewModel.swift */; };
		56D319062C8716F0007D022A /* UserSearchFormViewModel.swift in Sources */ = {isa = PBXBuildFile; fileRef = 56D318E62C8716F0007D022A /* UserSearchFormViewModel.swift */; };
		56D319072C8716F0007D022A /* GithubUsersApp.swift in Sources */ = {isa = PBXBuildFile; fileRef = 56D318EA2C8716F0007D022A /* GithubUsersApp.swift */; };
		56F5ACB42C95B624000E7C9D /* WebUI in Frameworks */ = {isa = PBXBuildFile; productRef = 56F5ACB32C95B624000E7C9D /* WebUI */; };
		9C049D742C871FC70057A396 /* RepositoryListViewModelTests.swift in Sources */ = {isa = PBXBuildFile; fileRef = 9C049D732C871FBE0057A396 /* RepositoryListViewModelTests.swift */; };
		9C049D762C8723730057A396 /* UserSearchFormViewModelTests.swift in Sources */ = {isa = PBXBuildFile; fileRef = 9C049D752C8723610057A396 /* UserSearchFormViewModelTests.swift */; };
		9C049D782C872B560057A396 /* UserDetailViewModelTests.swift in Sources */ = {isa = PBXBuildFile; fileRef = 9C049D772C872B450057A396 /* UserDetailViewModelTests.swift */; };
/* End PBXBuildFile section */

/* Begin PBXContainerItemProxy section */
		9C3227732C8050BC004EE2BB /* PBXContainerItemProxy */ = {
			isa = PBXContainerItemProxy;
			containerPortal = 9C3227582C8050BB004EE2BB /* Project object */;
			proxyType = 1;
			remoteGlobalIDString = 9C32275F2C8050BB004EE2BB;
			remoteInfo = GithubUsers;
		};
/* End PBXContainerItemProxy section */

/* Begin PBXFileReference section */
		56D318C82C8716F0007D022A /* CircularImageModifier.swift */ = {isa = PBXFileReference; lastKnownFileType = sourcecode.swift; path = CircularImageModifier.swift; sourceTree = "<group>"; };
		56D318C92C8716F0007D022A /* TokenViewModifier.swift */ = {isa = PBXFileReference; lastKnownFileType = sourcecode.swift; path = TokenViewModifier.swift; sourceTree = "<group>"; };
		56D318CB2C8716F0007D022A /* AlertItem.swift */ = {isa = PBXFileReference; lastKnownFileType = sourcecode.swift; path = AlertItem.swift; sourceTree = "<group>"; };
		56D318CD2C8716F0007D022A /* GithubAPIError.swift */ = {isa = PBXFileReference; lastKnownFileType = sourcecode.swift; path = GithubAPIError.swift; sourceTree = "<group>"; };
		56D318CE2C8716F0007D022A /* NetworkManager.swift */ = {isa = PBXFileReference; lastKnownFileType = sourcecode.swift; path = NetworkManager.swift; sourceTree = "<group>"; };
		56D318D02C8716F0007D022A /* Repository.swift */ = {isa = PBXFileReference; lastKnownFileType = sourcecode.swift; path = Repository.swift; sourceTree = "<group>"; };
		56D318D12C8716F0007D022A /* User.swift */ = {isa = PBXFileReference; lastKnownFileType = sourcecode.swift; path = User.swift; sourceTree = "<group>"; };
		56D318D22C8716F0007D022A /* WebViewLink.swift */ = {isa = PBXFileReference; lastKnownFileType = sourcecode.swift; path = WebViewLink.swift; sourceTree = "<group>"; };
		56D318D42C8716F0007D022A /* Preview Assets.xcassets */ = {isa = PBXFileReference; lastKnownFileType = folder.assetcatalog; path = "Preview Assets.xcassets"; sourceTree = "<group>"; };
		56D318D62C8716F0007D022A /* CustomWebView.swift */ = {isa = PBXFileReference; lastKnownFileType = sourcecode.swift; path = CustomWebView.swift; sourceTree = "<group>"; };
		56D318D82C8716F0007D022A /* RepositoryListView.swift */ = {isa = PBXFileReference; lastKnownFileType = sourcecode.swift; path = RepositoryListView.swift; sourceTree = "<group>"; };
		56D318D92C8716F0007D022A /* RepositoryRowView.swift */ = {isa = PBXFileReference; lastKnownFileType = sourcecode.swift; path = RepositoryRowView.swift; sourceTree = "<group>"; };
		56D318DB2C8716F0007D022A /* UserDetailScreen.swift */ = {isa = PBXFileReference; lastKnownFileType = sourcecode.swift; path = UserDetailScreen.swift; sourceTree = "<group>"; };
		56D318DD2C8716F0007D022A /* UserListScreen.swift */ = {isa = PBXFileReference; lastKnownFileType = sourcecode.swift; path = UserListScreen.swift; sourceTree = "<group>"; };
		56D318DE2C8716F0007D022A /* UserRowView.swift */ = {isa = PBXFileReference; lastKnownFileType = sourcecode.swift; path = UserRowView.swift; sourceTree = "<group>"; };
		56D318DF2C8716F0007D022A /* UserSearchForm.swift */ = {isa = PBXFileReference; lastKnownFileType = sourcecode.swift; path = UserSearchForm.swift; sourceTree = "<group>"; };
		56D318E12C8716F0007D022A /* ContentView.swift */ = {isa = PBXFileReference; lastKnownFileType = sourcecode.swift; path = ContentView.swift; sourceTree = "<group>"; };
		56D318E32C8716F0007D022A /* RepositoryListViewModel.swift */ = {isa = PBXFileReference; lastKnownFileType = sourcecode.swift; path = RepositoryListViewModel.swift; sourceTree = "<group>"; };
		56D318E42C8716F0007D022A /* UserDetailViewModel.swift */ = {isa = PBXFileReference; lastKnownFileType = sourcecode.swift; path = UserDetailViewModel.swift; sourceTree = "<group>"; };
		56D318E52C8716F0007D022A /* UserListScreenViewModel.swift */ = {isa = PBXFileReference; lastKnownFileType = sourcecode.swift; path = UserListScreenViewModel.swift; sourceTree = "<group>"; };
		56D318E62C8716F0007D022A /* UserSearchFormViewModel.swift */ = {isa = PBXFileReference; lastKnownFileType = sourcecode.swift; path = UserSearchFormViewModel.swift; sourceTree = "<group>"; };
		56D318E82C8716F0007D022A /* .swiftlint.yml */ = {isa = PBXFileReference; lastKnownFileType = text.yaml; path = .swiftlint.yml; sourceTree = "<group>"; };
		56D318E92C8716F0007D022A /* Assets.xcassets */ = {isa = PBXFileReference; lastKnownFileType = folder.assetcatalog; path = Assets.xcassets; sourceTree = "<group>"; };
		56D318EA2C8716F0007D022A /* GithubUsersApp.swift */ = {isa = PBXFileReference; lastKnownFileType = sourcecode.swift; path = GithubUsersApp.swift; sourceTree = "<group>"; };
		56D318EB2C8716F0007D022A /* Info.plist */ = {isa = PBXFileReference; lastKnownFileType = text.plist.xml; path = Info.plist; sourceTree = "<group>"; };
		56D318EC2C8716F0007D022A /* Localizable.xcstrings */ = {isa = PBXFileReference; lastKnownFileType = text.json.xcstrings; path = Localizable.xcstrings; sourceTree = "<group>"; };
		9C049D732C871FBE0057A396 /* RepositoryListViewModelTests.swift */ = {isa = PBXFileReference; lastKnownFileType = sourcecode.swift; path = RepositoryListViewModelTests.swift; sourceTree = "<group>"; };
		9C049D752C8723610057A396 /* UserSearchFormViewModelTests.swift */ = {isa = PBXFileReference; lastKnownFileType = sourcecode.swift; path = UserSearchFormViewModelTests.swift; sourceTree = "<group>"; };
		9C049D772C872B450057A396 /* UserDetailViewModelTests.swift */ = {isa = PBXFileReference; lastKnownFileType = sourcecode.swift; path = UserDetailViewModelTests.swift; sourceTree = "<group>"; };
		9C3227602C8050BB004EE2BB /* GithubUsers.app */ = {isa = PBXFileReference; explicitFileType = wrapper.application; includeInIndex = 0; path = GithubUsers.app; sourceTree = BUILT_PRODUCTS_DIR; };
		9C3227722C8050BC004EE2BB /* GithubUsersTests.xctest */ = {isa = PBXFileReference; explicitFileType = wrapper.cfbundle; includeInIndex = 0; path = GithubUsersTests.xctest; sourceTree = BUILT_PRODUCTS_DIR; };
/* End PBXFileReference section */

/* Begin PBXFrameworksBuildPhase section */
		9C32275D2C8050BB004EE2BB /* Frameworks */ = {
			isa = PBXFrameworksBuildPhase;
			buildActionMask = 2147483647;
			files = (
				56F5ACB42C95B624000E7C9D /* WebUI in Frameworks */,
			);
			runOnlyForDeploymentPostprocessing = 0;
		};
		9C32276F2C8050BC004EE2BB /* Frameworks */ = {
			isa = PBXFrameworksBuildPhase;
			buildActionMask = 2147483647;
			files = (
			);
			runOnlyForDeploymentPostprocessing = 0;
		};
/* End PBXFrameworksBuildPhase section */

/* Begin PBXGroup section */
		560074692C871725008061AA /* GithubUsersTests */ = {
			isa = PBXGroup;
			children = (
				9C049D732C871FBE0057A396 /* RepositoryListViewModelTests.swift */,
				9C049D772C872B450057A396 /* UserDetailViewModelTests.swift */,
				9C049D752C8723610057A396 /* UserSearchFormViewModelTests.swift */,
			);
			path = GithubUsersTests;
			sourceTree = "<group>";
		};
		56D318CA2C8716F0007D022A /* ViewModifiers */ = {
			isa = PBXGroup;
			children = (
				56D318C82C8716F0007D022A /* CircularImageModifier.swift */,
				56D318C92C8716F0007D022A /* TokenViewModifier.swift */,
			);
			path = ViewModifiers;
			sourceTree = "<group>";
		};
		56D318CC2C8716F0007D022A /* Helpers */ = {
			isa = PBXGroup;
			children = (
				56D318CA2C8716F0007D022A /* ViewModifiers */,
				56D318CB2C8716F0007D022A /* AlertItem.swift */,
			);
			path = Helpers;
			sourceTree = "<group>";
		};
		56D318CF2C8716F0007D022A /* Manager */ = {
			isa = PBXGroup;
			children = (
				56D318CD2C8716F0007D022A /* GithubAPIError.swift */,
				56D318CE2C8716F0007D022A /* NetworkManager.swift */,
			);
			path = Manager;
			sourceTree = "<group>";
		};
		56D318D32C8716F0007D022A /* Models */ = {
			isa = PBXGroup;
			children = (
				56D318D02C8716F0007D022A /* Repository.swift */,
				56D318D12C8716F0007D022A /* User.swift */,
				56D318D22C8716F0007D022A /* WebViewLink.swift */,
			);
			path = Models;
			sourceTree = "<group>";
		};
		56D318D52C8716F0007D022A /* Preview Content */ = {
			isa = PBXGroup;
			children = (
				56D318D42C8716F0007D022A /* Preview Assets.xcassets */,
			);
			path = "Preview Content";
			sourceTree = "<group>";
		};
		56D318D72C8716F0007D022A /* WebView */ = {
			isa = PBXGroup;
			children = (
				56D318D62C8716F0007D022A /* CustomWebView.swift */,
			);
			path = WebView;
			sourceTree = "<group>";
		};
		56D318DA2C8716F0007D022A /* Repository */ = {
			isa = PBXGroup;
			children = (
				56D318D72C8716F0007D022A /* WebView */,
				56D318D82C8716F0007D022A /* RepositoryListView.swift */,
				56D318D92C8716F0007D022A /* RepositoryRowView.swift */,
			);
			path = Repository;
			sourceTree = "<group>";
		};
		56D318DC2C8716F0007D022A /* UserDetail */ = {
			isa = PBXGroup;
			children = (
				56D318DB2C8716F0007D022A /* UserDetailScreen.swift */,
			);
			path = UserDetail;
			sourceTree = "<group>";
		};
		56D318E02C8716F0007D022A /* UserList */ = {
			isa = PBXGroup;
			children = (
				56D318DD2C8716F0007D022A /* UserListScreen.swift */,
				56D318DE2C8716F0007D022A /* UserRowView.swift */,
				56D318DF2C8716F0007D022A /* UserSearchForm.swift */,
			);
			path = UserList;
			sourceTree = "<group>";
		};
		56D318E22C8716F0007D022A /* Screens */ = {
			isa = PBXGroup;
			children = (
				56D318DA2C8716F0007D022A /* Repository */,
				56D318DC2C8716F0007D022A /* UserDetail */,
				56D318E02C8716F0007D022A /* UserList */,
				56D318E12C8716F0007D022A /* ContentView.swift */,
			);
			path = Screens;
			sourceTree = "<group>";
		};
		56D318E72C8716F0007D022A /* ViewModels */ = {
			isa = PBXGroup;
			children = (
				56D318E32C8716F0007D022A /* RepositoryListViewModel.swift */,
				56D318E42C8716F0007D022A /* UserDetailViewModel.swift */,
				56D318E52C8716F0007D022A /* UserListScreenViewModel.swift */,
				56D318E62C8716F0007D022A /* UserSearchFormViewModel.swift */,
			);
			path = ViewModels;
			sourceTree = "<group>";
		};
		56D318ED2C8716F0007D022A /* GithubUsers */ = {
			isa = PBXGroup;
			children = (
				56D318CC2C8716F0007D022A /* Helpers */,
				56D318CF2C8716F0007D022A /* Manager */,
				56D318D32C8716F0007D022A /* Models */,
				56D318D52C8716F0007D022A /* Preview Content */,
				56D318E22C8716F0007D022A /* Screens */,
				56D318E72C8716F0007D022A /* ViewModels */,
				56D318E82C8716F0007D022A /* .swiftlint.yml */,
				56D318E92C8716F0007D022A /* Assets.xcassets */,
				56D318EA2C8716F0007D022A /* GithubUsersApp.swift */,
				56D318EB2C8716F0007D022A /* Info.plist */,
				56D318EC2C8716F0007D022A /* Localizable.xcstrings */,
			);
			path = GithubUsers;
			sourceTree = "<group>";
		};
		9C3227572C8050BB004EE2BB = {
			isa = PBXGroup;
			children = (
				56D318ED2C8716F0007D022A /* GithubUsers */,
				560074692C871725008061AA /* GithubUsersTests */,
				9C3227612C8050BB004EE2BB /* Products */,
			);
			sourceTree = "<group>";
		};
		9C3227612C8050BB004EE2BB /* Products */ = {
			isa = PBXGroup;
			children = (
				9C3227602C8050BB004EE2BB /* GithubUsers.app */,
				9C3227722C8050BC004EE2BB /* GithubUsersTests.xctest */,
			);
			name = Products;
			sourceTree = "<group>";
		};
/* End PBXGroup section */

/* Begin PBXNativeTarget section */
		9C32275F2C8050BB004EE2BB /* GithubUsers */ = {
			isa = PBXNativeTarget;
			buildConfigurationList = 9C3227862C8050BC004EE2BB /* Build configuration list for PBXNativeTarget "GithubUsers" */;
			buildPhases = (
				9C32278F2C8050D6004EE2BB /* Run SwiftLint */,
				9C32275C2C8050BB004EE2BB /* Sources */,
				9C32275D2C8050BB004EE2BB /* Frameworks */,
				9C32275E2C8050BB004EE2BB /* Resources */,
			);
			buildRules = (
			);
			dependencies = (
			);
			name = GithubUsers;
			packageProductDependencies = (
				56F5ACB32C95B624000E7C9D /* WebUI */,
			);
			productName = GithubUsers;
			productReference = 9C3227602C8050BB004EE2BB /* GithubUsers.app */;
			productType = "com.apple.product-type.application";
		};
		9C3227712C8050BC004EE2BB /* GithubUsersTests */ = {
			isa = PBXNativeTarget;
			buildConfigurationList = 9C3227892C8050BC004EE2BB /* Build configuration list for PBXNativeTarget "GithubUsersTests" */;
			buildPhases = (
				9C32276E2C8050BC004EE2BB /* Sources */,
				9C32276F2C8050BC004EE2BB /* Frameworks */,
				9C3227702C8050BC004EE2BB /* Resources */,
			);
			buildRules = (
			);
			dependencies = (
				9C3227742C8050BC004EE2BB /* PBXTargetDependency */,
			);
			name = GithubUsersTests;
			packageProductDependencies = (
			);
			productName = GithubUsersTests;
			productReference = 9C3227722C8050BC004EE2BB /* GithubUsersTests.xctest */;
			productType = "com.apple.product-type.bundle.unit-test";
		};
/* End PBXNativeTarget section */

/* Begin PBXProject section */
		9C3227582C8050BB004EE2BB /* Project object */ = {
			isa = PBXProject;
			attributes = {
				BuildIndependentTargetsInParallel = 1;
				LastSwiftUpdateCheck = 1610;
				LastUpgradeCheck = 1610;
				TargetAttributes = {
					9C32275F2C8050BB004EE2BB = {
						CreatedOnToolsVersion = 16.1;
					};
					9C3227712C8050BC004EE2BB = {
						CreatedOnToolsVersion = 16.1;
						TestTargetID = 9C32275F2C8050BB004EE2BB;
					};
				};
			};
			buildConfigurationList = 9C32275B2C8050BB004EE2BB /* Build configuration list for PBXProject "GithubUsers" */;
			compatibilityVersion = "Xcode 15.3";
			developmentRegion = en;
			hasScannedForEncodings = 0;
			knownRegions = (
				en,
				Base,
				ja,
			);
			mainGroup = 9C3227572C8050BB004EE2BB;
			minimizedProjectReferenceProxies = 1;
			packageReferences = (
				56F5ACB22C95B624000E7C9D /* XCRemoteSwiftPackageReference "WebUI" */,
			);
			productRefGroup = 9C3227612C8050BB004EE2BB /* Products */;
			projectDirPath = "";
			projectRoot = "";
			targets = (
				9C32275F2C8050BB004EE2BB /* GithubUsers */,
				9C3227712C8050BC004EE2BB /* GithubUsersTests */,
			);
		};
/* End PBXProject section */

/* Begin PBXResourcesBuildPhase section */
		9C32275E2C8050BB004EE2BB /* Resources */ = {
			isa = PBXResourcesBuildPhase;
			buildActionMask = 2147483647;
			files = (
				56D318EE2C8716F0007D022A /* Preview Assets.xcassets in Resources */,
				56D318EF2C8716F0007D022A /* .swiftlint.yml in Resources */,
				56D318F02C8716F0007D022A /* Assets.xcassets in Resources */,
				56D318F22C8716F0007D022A /* Localizable.xcstrings in Resources */,
			);
			runOnlyForDeploymentPostprocessing = 0;
		};
		9C3227702C8050BC004EE2BB /* Resources */ = {
			isa = PBXResourcesBuildPhase;
			buildActionMask = 2147483647;
			files = (
			);
			runOnlyForDeploymentPostprocessing = 0;
		};
/* End PBXResourcesBuildPhase section */

/* Begin PBXShellScriptBuildPhase section */
		9C32278F2C8050D6004EE2BB /* Run SwiftLint */ = {
			isa = PBXShellScriptBuildPhase;
			alwaysOutOfDate = 1;
			buildActionMask = 2147483647;
			files = (
			);
			inputFileListPaths = (
			);
			inputPaths = (
			);
			name = "Run SwiftLint";
			outputFileListPaths = (
			);
			outputPaths = (
			);
			runOnlyForDeploymentPostprocessing = 0;
			shellPath = /bin/sh;
			shellScript = "if test -d \"/opt/\"; then\n  PATH=\"/opt/:${PATH}\"\nfi\n\nexport PATH\n\nif which swiftlint >/dev/null; then\n  swiftlint\nelse\n  echo \"warning: SwiftLint not installed, download from https://github.com/realm/SwiftLint[](https://github.com/realm/SwiftLint)\"\nfi\n";
			showEnvVarsInLog = 0;
		};
/* End PBXShellScriptBuildPhase section */

/* Begin PBXSourcesBuildPhase section */
		9C32275C2C8050BB004EE2BB /* Sources */ = {
			isa = PBXSourcesBuildPhase;
			buildActionMask = 2147483647;
			files = (
				56D318F32C8716F0007D022A /* CircularImageModifier.swift in Sources */,
				56D318F42C8716F0007D022A /* TokenViewModifier.swift in Sources */,
				56D318F52C8716F0007D022A /* AlertItem.swift in Sources */,
				56D318F62C8716F0007D022A /* GithubAPIError.swift in Sources */,
				56D318F72C8716F0007D022A /* NetworkManager.swift in Sources */,
				56D318F82C8716F0007D022A /* Repository.swift in Sources */,
				56D318F92C8716F0007D022A /* User.swift in Sources */,
				56D318FA2C8716F0007D022A /* WebViewLink.swift in Sources */,
				56D318FB2C8716F0007D022A /* CustomWebView.swift in Sources */,
				56D318FC2C8716F0007D022A /* RepositoryListView.swift in Sources */,
				56D318FD2C8716F0007D022A /* RepositoryRowView.swift in Sources */,
				56D318FE2C8716F0007D022A /* UserDetailScreen.swift in Sources */,
				56D318FF2C8716F0007D022A /* UserListScreen.swift in Sources */,
				56D319002C8716F0007D022A /* UserRowView.swift in Sources */,
				56D319012C8716F0007D022A /* UserSearchForm.swift in Sources */,
				56D319022C8716F0007D022A /* ContentView.swift in Sources */,
				56D319032C8716F0007D022A /* RepositoryListViewModel.swift in Sources */,
				56D319042C8716F0007D022A /* UserDetailViewModel.swift in Sources */,
				56D319052C8716F0007D022A /* UserListScreenViewModel.swift in Sources */,
				56D319062C8716F0007D022A /* UserSearchFormViewModel.swift in Sources */,
				56D319072C8716F0007D022A /* GithubUsersApp.swift in Sources */,
			);
			runOnlyForDeploymentPostprocessing = 0;
		};
		9C32276E2C8050BC004EE2BB /* Sources */ = {
			isa = PBXSourcesBuildPhase;
			buildActionMask = 2147483647;
			files = (
				9C049D742C871FC70057A396 /* RepositoryListViewModelTests.swift in Sources */,
				9C049D782C872B560057A396 /* UserDetailViewModelTests.swift in Sources */,
				9C049D762C8723730057A396 /* UserSearchFormViewModelTests.swift in Sources */,
			);
			runOnlyForDeploymentPostprocessing = 0;
		};
/* End PBXSourcesBuildPhase section */

/* Begin PBXTargetDependency section */
		9C3227742C8050BC004EE2BB /* PBXTargetDependency */ = {
			isa = PBXTargetDependency;
			target = 9C32275F2C8050BB004EE2BB /* GithubUsers */;
			targetProxy = 9C3227732C8050BC004EE2BB /* PBXContainerItemProxy */;
		};
/* End PBXTargetDependency section */

/* Begin XCBuildConfiguration section */
		9C3227842C8050BC004EE2BB /* Debug */ = {
			isa = XCBuildConfiguration;
			buildSettings = {
				ALWAYS_SEARCH_USER_PATHS = NO;
				ASSETCATALOG_COMPILER_GENERATE_SWIFT_ASSET_SYMBOL_EXTENSIONS = YES;
				CLANG_ANALYZER_NONNULL = YES;
				CLANG_ANALYZER_NUMBER_OBJECT_CONVERSION = YES_AGGRESSIVE;
				CLANG_CXX_LANGUAGE_STANDARD = "gnu++20";
				CLANG_ENABLE_MODULES = YES;
				CLANG_ENABLE_OBJC_ARC = YES;
				CLANG_ENABLE_OBJC_WEAK = YES;
				CLANG_WARN_BLOCK_CAPTURE_AUTORELEASING = YES;
				CLANG_WARN_BOOL_CONVERSION = YES;
				CLANG_WARN_COMMA = YES;
				CLANG_WARN_CONSTANT_CONVERSION = YES;
				CLANG_WARN_DEPRECATED_OBJC_IMPLEMENTATIONS = YES;
				CLANG_WARN_DIRECT_OBJC_ISA_USAGE = YES_ERROR;
				CLANG_WARN_DOCUMENTATION_COMMENTS = YES;
				CLANG_WARN_EMPTY_BODY = YES;
				CLANG_WARN_ENUM_CONVERSION = YES;
				CLANG_WARN_INFINITE_RECURSION = YES;
				CLANG_WARN_INT_CONVERSION = YES;
				CLANG_WARN_NON_LITERAL_NULL_CONVERSION = YES;
				CLANG_WARN_OBJC_IMPLICIT_RETAIN_SELF = YES;
				CLANG_WARN_OBJC_LITERAL_CONVERSION = YES;
				CLANG_WARN_OBJC_ROOT_CLASS = YES_ERROR;
				CLANG_WARN_QUOTED_INCLUDE_IN_FRAMEWORK_HEADER = YES;
				CLANG_WARN_RANGE_LOOP_ANALYSIS = YES;
				CLANG_WARN_STRICT_PROTOTYPES = YES;
				CLANG_WARN_SUSPICIOUS_MOVE = YES;
				CLANG_WARN_UNGUARDED_AVAILABILITY = YES_AGGRESSIVE;
				CLANG_WARN_UNREACHABLE_CODE = YES;
				CLANG_WARN__DUPLICATE_METHOD_MATCH = YES;
				COPY_PHASE_STRIP = NO;
				DEBUG_INFORMATION_FORMAT = dwarf;
				ENABLE_STRICT_OBJC_MSGSEND = YES;
				ENABLE_TESTABILITY = YES;
				ENABLE_USER_SCRIPT_SANDBOXING = YES;
				GCC_C_LANGUAGE_STANDARD = gnu17;
				GCC_DYNAMIC_NO_PIC = NO;
				GCC_NO_COMMON_BLOCKS = YES;
				GCC_OPTIMIZATION_LEVEL = 0;
				GCC_PREPROCESSOR_DEFINITIONS = (
					"DEBUG=1",
					"$(inherited)",
				);
				GCC_WARN_64_TO_32_BIT_CONVERSION = YES;
				GCC_WARN_ABOUT_RETURN_TYPE = YES_ERROR;
				GCC_WARN_UNDECLARED_SELECTOR = YES;
				GCC_WARN_UNINITIALIZED_AUTOS = YES_AGGRESSIVE;
				GCC_WARN_UNUSED_FUNCTION = YES;
				GCC_WARN_UNUSED_VARIABLE = YES;
				IPHONEOS_DEPLOYMENT_TARGET = 17.5;
				LOCALIZATION_PREFERS_STRING_CATALOGS = YES;
				MTL_ENABLE_DEBUG_INFO = INCLUDE_SOURCE;
				MTL_FAST_MATH = YES;
				ONLY_ACTIVE_ARCH = YES;
				SDKROOT = iphoneos;
				SWIFT_ACTIVE_COMPILATION_CONDITIONS = "DEBUG $(inherited)";
				SWIFT_EMIT_LOC_STRINGS = YES;
				SWIFT_OPTIMIZATION_LEVEL = "-Onone";
			};
			name = Debug;
		};
		9C3227852C8050BC004EE2BB /* Release */ = {
			isa = XCBuildConfiguration;
			buildSettings = {
				ALWAYS_SEARCH_USER_PATHS = NO;
				ASSETCATALOG_COMPILER_GENERATE_SWIFT_ASSET_SYMBOL_EXTENSIONS = YES;
				CLANG_ANALYZER_NONNULL = YES;
				CLANG_ANALYZER_NUMBER_OBJECT_CONVERSION = YES_AGGRESSIVE;
				CLANG_CXX_LANGUAGE_STANDARD = "gnu++20";
				CLANG_ENABLE_MODULES = YES;
				CLANG_ENABLE_OBJC_ARC = YES;
				CLANG_ENABLE_OBJC_WEAK = YES;
				CLANG_WARN_BLOCK_CAPTURE_AUTORELEASING = YES;
				CLANG_WARN_BOOL_CONVERSION = YES;
				CLANG_WARN_COMMA = YES;
				CLANG_WARN_CONSTANT_CONVERSION = YES;
				CLANG_WARN_DEPRECATED_OBJC_IMPLEMENTATIONS = YES;
				CLANG_WARN_DIRECT_OBJC_ISA_USAGE = YES_ERROR;
				CLANG_WARN_DOCUMENTATION_COMMENTS = YES;
				CLANG_WARN_EMPTY_BODY = YES;
				CLANG_WARN_ENUM_CONVERSION = YES;
				CLANG_WARN_INFINITE_RECURSION = YES;
				CLANG_WARN_INT_CONVERSION = YES;
				CLANG_WARN_NON_LITERAL_NULL_CONVERSION = YES;
				CLANG_WARN_OBJC_IMPLICIT_RETAIN_SELF = YES;
				CLANG_WARN_OBJC_LITERAL_CONVERSION = YES;
				CLANG_WARN_OBJC_ROOT_CLASS = YES_ERROR;
				CLANG_WARN_QUOTED_INCLUDE_IN_FRAMEWORK_HEADER = YES;
				CLANG_WARN_RANGE_LOOP_ANALYSIS = YES;
				CLANG_WARN_STRICT_PROTOTYPES = YES;
				CLANG_WARN_SUSPICIOUS_MOVE = YES;
				CLANG_WARN_UNGUARDED_AVAILABILITY = YES_AGGRESSIVE;
				CLANG_WARN_UNREACHABLE_CODE = YES;
				CLANG_WARN__DUPLICATE_METHOD_MATCH = YES;
				COPY_PHASE_STRIP = NO;
				DEBUG_INFORMATION_FORMAT = "dwarf-with-dsym";
				ENABLE_NS_ASSERTIONS = NO;
				ENABLE_STRICT_OBJC_MSGSEND = YES;
				ENABLE_USER_SCRIPT_SANDBOXING = YES;
				GCC_C_LANGUAGE_STANDARD = gnu17;
				GCC_NO_COMMON_BLOCKS = YES;
				GCC_WARN_64_TO_32_BIT_CONVERSION = YES;
				GCC_WARN_ABOUT_RETURN_TYPE = YES_ERROR;
				GCC_WARN_UNDECLARED_SELECTOR = YES;
				GCC_WARN_UNINITIALIZED_AUTOS = YES_AGGRESSIVE;
				GCC_WARN_UNUSED_FUNCTION = YES;
				GCC_WARN_UNUSED_VARIABLE = YES;
				IPHONEOS_DEPLOYMENT_TARGET = 17.5;
				LOCALIZATION_PREFERS_STRING_CATALOGS = YES;
				MTL_ENABLE_DEBUG_INFO = NO;
				MTL_FAST_MATH = YES;
				SDKROOT = iphoneos;
				SWIFT_COMPILATION_MODE = wholemodule;
				SWIFT_EMIT_LOC_STRINGS = YES;
				VALIDATE_PRODUCT = YES;
			};
			name = Release;
		};
		9C3227872C8050BC004EE2BB /* Debug */ = {
			isa = XCBuildConfiguration;
			buildSettings = {
				ASSETCATALOG_COMPILER_APPICON_NAME = AppIcon;
				ASSETCATALOG_COMPILER_GLOBAL_ACCENT_COLOR_NAME = AccentColor;
				CODE_SIGN_STYLE = Automatic;
				CURRENT_PROJECT_VERSION = 1;
				DEVELOPMENT_ASSET_PATHS = "\"GithubUsers/Preview Content\"";
				DEVELOPMENT_TEAM = CD5JN83258;
				ENABLE_PREVIEWS = YES;
				ENABLE_USER_SCRIPT_SANDBOXING = NO;
				ENABLE_USER_SELECTED_FILES = "";
				GENERATE_INFOPLIST_FILE = YES;
				INFOPLIST_FILE = GithubUsers/Info.plist;
				INFOPLIST_KEY_UIApplicationSceneManifest_Generation = YES;
				INFOPLIST_KEY_UIApplicationSupportsIndirectInputEvents = YES;
				INFOPLIST_KEY_UILaunchScreen_Generation = YES;
				INFOPLIST_KEY_UISupportedInterfaceOrientations = UIInterfaceOrientationPortrait;
				INFOPLIST_KEY_UISupportedInterfaceOrientations_iPad = "UIInterfaceOrientationLandscapeLeft UIInterfaceOrientationLandscapeRight UIInterfaceOrientationPortrait UIInterfaceOrientationPortraitUpsideDown";
				IPHONEOS_DEPLOYMENT_TARGET = 17.5;
				LD_RUNPATH_SEARCH_PATHS = (
					"$(inherited)",
					"@executable_path/Frameworks",
				);
				MARKETING_VERSION = 1.0;
				PRODUCT_BUNDLE_IDENTIFIER = jp.tokyobits.GithubUsers;
				PRODUCT_NAME = "$(TARGET_NAME)";
				SWIFT_EMIT_LOC_STRINGS = YES;
				SWIFT_VERSION = 5.0;
				TARGETED_DEVICE_FAMILY = "1,2";
			};
			name = Debug;
		};
		9C3227882C8050BC004EE2BB /* Release */ = {
			isa = XCBuildConfiguration;
			buildSettings = {
				ASSETCATALOG_COMPILER_APPICON_NAME = AppIcon;
				ASSETCATALOG_COMPILER_GLOBAL_ACCENT_COLOR_NAME = AccentColor;
				CODE_SIGN_STYLE = Automatic;
				CURRENT_PROJECT_VERSION = 1;
				DEVELOPMENT_ASSET_PATHS = "\"GithubUsers/Preview Content\"";
				DEVELOPMENT_TEAM = CD5JN83258;
				ENABLE_PREVIEWS = YES;
				ENABLE_USER_SCRIPT_SANDBOXING = NO;
				ENABLE_USER_SELECTED_FILES = "";
				GENERATE_INFOPLIST_FILE = YES;
				INFOPLIST_FILE = GithubUsers/Info.plist;
				INFOPLIST_KEY_UIApplicationSceneManifest_Generation = YES;
				INFOPLIST_KEY_UIApplicationSupportsIndirectInputEvents = YES;
				INFOPLIST_KEY_UILaunchScreen_Generation = YES;
				INFOPLIST_KEY_UISupportedInterfaceOrientations = UIInterfaceOrientationPortrait;
				INFOPLIST_KEY_UISupportedInterfaceOrientations_iPad = "UIInterfaceOrientationLandscapeLeft UIInterfaceOrientationLandscapeRight UIInterfaceOrientationPortrait UIInterfaceOrientationPortraitUpsideDown";
				IPHONEOS_DEPLOYMENT_TARGET = 17.5;
				LD_RUNPATH_SEARCH_PATHS = (
					"$(inherited)",
					"@executable_path/Frameworks",
				);
				MARKETING_VERSION = 1.0;
				PRODUCT_BUNDLE_IDENTIFIER = jp.tokyobits.GithubUsers;
				PRODUCT_NAME = "$(TARGET_NAME)";
				SWIFT_EMIT_LOC_STRINGS = YES;
				SWIFT_VERSION = 5.0;
				TARGETED_DEVICE_FAMILY = "1,2";
			};
			name = Release;
		};
		9C32278A2C8050BC004EE2BB /* Debug */ = {
			isa = XCBuildConfiguration;
			buildSettings = {
				BUNDLE_LOADER = "$(TEST_HOST)";
				CODE_SIGN_STYLE = Automatic;
				CURRENT_PROJECT_VERSION = 1;
				DEVELOPMENT_TEAM = CD5JN83258;
				GENERATE_INFOPLIST_FILE = YES;
				IPHONEOS_DEPLOYMENT_TARGET = 18.1;
				MARKETING_VERSION = 1.0;
				PRODUCT_BUNDLE_IDENTIFIER = jp.tokyobits.GithubUsersTests;
				PRODUCT_NAME = "$(TARGET_NAME)";
				SWIFT_EMIT_LOC_STRINGS = NO;
				SWIFT_VERSION = 5.0;
				TARGETED_DEVICE_FAMILY = "1,2";
				TEST_HOST = "$(BUILT_PRODUCTS_DIR)/GithubUsers.app/$(BUNDLE_EXECUTABLE_FOLDER_PATH)/GithubUsers";
			};
			name = Debug;
		};
		9C32278B2C8050BC004EE2BB /* Release */ = {
			isa = XCBuildConfiguration;
			buildSettings = {
				BUNDLE_LOADER = "$(TEST_HOST)";
				CODE_SIGN_STYLE = Automatic;
				CURRENT_PROJECT_VERSION = 1;
				DEVELOPMENT_TEAM = CD5JN83258;
				GENERATE_INFOPLIST_FILE = YES;
				IPHONEOS_DEPLOYMENT_TARGET = 18.1;
				MARKETING_VERSION = 1.0;
				PRODUCT_BUNDLE_IDENTIFIER = jp.tokyobits.GithubUsersTests;
				PRODUCT_NAME = "$(TARGET_NAME)";
				SWIFT_EMIT_LOC_STRINGS = NO;
				SWIFT_VERSION = 5.0;
				TARGETED_DEVICE_FAMILY = "1,2";
				TEST_HOST = "$(BUILT_PRODUCTS_DIR)/GithubUsers.app/$(BUNDLE_EXECUTABLE_FOLDER_PATH)/GithubUsers";
			};
			name = Release;
		};
/* End XCBuildConfiguration section */

/* Begin XCConfigurationList section */
		9C32275B2C8050BB004EE2BB /* Build configuration list for PBXProject "GithubUsers" */ = {
			isa = XCConfigurationList;
			buildConfigurations = (
				9C3227842C8050BC004EE2BB /* Debug */,
				9C3227852C8050BC004EE2BB /* Release */,
			);
			defaultConfigurationIsVisible = 0;
			defaultConfigurationName = Release;
		};
		9C3227862C8050BC004EE2BB /* Build configuration list for PBXNativeTarget "GithubUsers" */ = {
			isa = XCConfigurationList;
			buildConfigurations = (
				9C3227872C8050BC004EE2BB /* Debug */,
				9C3227882C8050BC004EE2BB /* Release */,
			);
			defaultConfigurationIsVisible = 0;
			defaultConfigurationName = Release;
		};
		9C3227892C8050BC004EE2BB /* Build configuration list for PBXNativeTarget "GithubUsersTests" */ = {
			isa = XCConfigurationList;
			buildConfigurations = (
				9C32278A2C8050BC004EE2BB /* Debug */,
				9C32278B2C8050BC004EE2BB /* Release */,
			);
			defaultConfigurationIsVisible = 0;
			defaultConfigurationName = Release;
		};
/* End XCConfigurationList section */

/* Begin XCRemoteSwiftPackageReference section */
		56F5ACB22C95B624000E7C9D /* XCRemoteSwiftPackageReference "WebUI" */ = {
			isa = XCRemoteSwiftPackageReference;
			repositoryURL = "https://github.com/simorgh3196/WebUI";
			requirement = {
				branch = "support-xcode16-rc";
				kind = branch;
			};
		};
/* End XCRemoteSwiftPackageReference section */

/* Begin XCSwiftPackageProductDependency section */
		56F5ACB32C95B624000E7C9D /* WebUI */ = {
			isa = XCSwiftPackageProductDependency;
			package = 56F5ACB22C95B624000E7C9D /* XCRemoteSwiftPackageReference "WebUI" */;
			productName = WebUI;
		};
/* End XCSwiftPackageProductDependency section */
	};
	rootObject = 9C3227582C8050BB004EE2BB /* Project object */;
}
